
Microsoft Visual Studio Solution File, Format Version 12.00
# Visual Studio Version 17
VisualStudioVersion = 17.8.34330.188
MinimumVisualStudioVersion = 10.0.40219.1
Project("{8BC9CEB8-8B4A-11D0-8D11-00A0C91BC942}") = "LearningOpenGL", "LearningOpenGL.vcxproj", "{B3E2615C-4C98-49BE-9EA7-63F43A7C55EF}"
EndProject
Global
	GlobalSection(SolutionConfigurationPlatforms) = preSolution
		Debug|x64 = Debug|x64
		Release|x64 = Release|x64
	EndGlobalSection
	GlobalSection(ProjectConfigurationPlatforms) = postSolution
		{B3E2615C-4C98-49BE-9EA7-63F43A7C55EF}.Debug|x64.ActiveCfg = Debug|x64
		{B3E2615C-4C98-49BE-9EA7-63F43A7C55EF}.Debug|x64.Build.0 = Debug|x64
		{B3E2615C-4C98-49BE-9EA7-63F43A7C55EF}.Release|x64.ActiveCfg = Release|x64
		{B3E2615C-4C98-49BE-9EA7-63F43A7C55EF}.Release|x64.Build.0 = Release|x64
	EndGlobalSection
	GlobalSection(SolutionProperties) = preSolution
		HideSolutionNode = FALSE
	EndGlobalSection
	GlobalSection(ExtensibilityGlobals) = postSolution
		SolutionGuid = {383875CB-CBB7-4EFC-B18A-1F4506690E58}
	EndGlobalSection
EndGlobal
